Microsoft Visual Studio Solution File, Format Version 12.00
# Visual Studio 15
VisualStudioVersion = 15.0.26228.4
MinimumVisualStudioVersion = 10.0.40219.1
Project("{D954291E-2A0B-460D-934E-DC6B0785DB48}") = "Develop.Shared", "Develop.Shared\Develop.Shared.shproj", "{9D19C20D-CA25-4603-A98F-2293B53AB2CE}"
EndProject
Project("{FAE04EC0-301F-11D3-BF4B-00C04F79EFBC}") = "Develop.Desktop", "Develop.Desktop\Develop.Desktop.csproj", "{A90AD40C-D181-4482-B631-E8ACA2D245B7}"
EndProject
Project("{FAE04EC0-301F-11D3-BF4B-00C04F79EFBC}") = "Develop.iOS", "Develop.iOS\Develop.iOS.csproj", "{6F2394C8-234D-43F1-81D6-C5E02F63FABB}"
EndProject
Project("{FAE04EC0-301F-11D3-BF4B-00C04F79EFBC}") = "Develop.Droid", "Develop.Droid\Develop.Droid.csproj", "{B4AAD332-D35C-4C99-81B6-9569ABBCFB1D}"
EndProject
Project("{FAE04EC0-301F-11D3-BF4B-00C04F79EFBC}") = "Develop.tvOS", "Develop.tvOS\Develop.tvOS.csproj", "{DCD2638B-D0E8-4029-9747-2EF90CB8B187}"
EndProject
Project("{FAE04EC0-301F-11D3-BF4B-00C04F79EFBC}") = "Develop.UWP", "Develop.UWP\Develop.UWP.csproj", "{F81DAF1A-69A5-4696-BBE5-990110A81501}"
EndProject
Global
	GlobalSection(SharedMSBuildProjectFiles) = preSolution
		Develop.Shared\Develop.Shared.projitems*{6f2394c8-234d-43f1-81d6-c5e02f63fabb}*SharedItemsImports = 4
		Develop.Shared\Develop.Shared.projitems*{9d19c20d-ca25-4603-a98f-2293b53ab2ce}*SharedItemsImports = 13
		Develop.Shared\Develop.Shared.projitems*{a90ad40c-d181-4482-b631-e8aca2d245b7}*SharedItemsImports = 4
		Develop.Shared\Develop.Shared.projitems*{b4aad332-d35c-4c99-81b6-9569abbcfb1d}*SharedItemsImports = 4
		Develop.Shared\Develop.Shared.projitems*{dcd2638b-d0e8-4029-9747-2ef90cb8b187}*SharedItemsImports = 4
		Develop.Shared\Develop.Shared.projitems*{f81daf1a-69a5-4696-bbe5-990110a81501}*SharedItemsImports = 4
	EndGlobalSection
	GlobalSection(SolutionConfigurationPlatforms) = preSolution
		Ad-Hoc|Any CPU = Ad-Hoc|Any CPU
		Ad-Hoc|ARM = Ad-Hoc|ARM
		Ad-Hoc|iPhone = Ad-Hoc|iPhone
		Ad-Hoc|iPhoneSimulator = Ad-Hoc|iPhoneSimulator
		Ad-Hoc|x64 = Ad-Hoc|x64
		Ad-Hoc|x86 = Ad-Hoc|x86
		AppStore|Any CPU = AppStore|Any CPU
		AppStore|ARM = AppStore|ARM
		AppStore|iPhone = AppStore|iPhone
		AppStore|iPhoneSimulator = AppStore|iPhoneSimulator
		AppStore|x64 = AppStore|x64
		AppStore|x86 = AppStore|x86
		Debug|Any CPU = Debug|Any CPU
		Debug|ARM = Debug|ARM
		Debug|iPhone = Debug|iPhone
		Debug|iPhoneSimulator = Debug|iPhoneSimulator
		Debug|x64 = Debug|x64
		Debug|x86 = Debug|x86
		Release|Any CPU = Release|Any CPU
		Release|ARM = Release|ARM
		Release|iPhone = Release|iPhone
		Release|iPhoneSimulator = Release|iPhoneSimulator
		Release|x64 = Release|x64
		Release|x86 = Release|x86
	EndGlobalSection
	GlobalSection(ProjectConfigurationPlatforms) = postSolution
		{A90AD40C-D181-4482-B631-E8ACA2D245B7}.Ad-Hoc|Any CPU.ActiveCfg = Release|x86
		{A90AD40C-D181-4482-B631-E8ACA2D245B7}.Ad-Hoc|Any CPU.Build.0 = Release|x86
		{A90AD40C-D181-4482-B631-E8ACA2D245B7}.Ad-Hoc|ARM.ActiveCfg = Debug|x86
		{A90AD40C-D181-4482-B631-E8ACA2D245B7}.Ad-Hoc|ARM.Build.0 = Debug|x86
		{A90AD40C-D181-4482-B631-E8ACA2D245B7}.Ad-Hoc|iPhone.ActiveCfg = Release|x86
		{A90AD40C-D181-4482-B631-E8ACA2D245B7}.Ad-Hoc|iPhone.Build.0 = Release|x86
		{A90AD40C-D181-4482-B631-E8ACA2D245B7}.Ad-Hoc|iPhoneSimulator.ActiveCfg = Release|x86
		{A90AD40C-D181-4482-B631-E8ACA2D245B7}.Ad-Hoc|iPhoneSimulator.Build.0 = Release|x86
		{A90AD40C-D181-4482-B631-E8ACA2D245B7}.Ad-Hoc|x64.ActiveCfg = Debug|x86
		{A90AD40C-D181-4482-B631-E8ACA2D245B7}.Ad-Hoc|x64.Build.0 = Debug|x86
		{A90AD40C-D181-4482-B631-E8ACA2D245B7}.Ad-Hoc|x86.ActiveCfg = Release|x86
		{A90AD40C-D181-4482-B631-E8ACA2D245B7}.Ad-Hoc|x86.Build.0 = Release|x86
		{A90AD40C-D181-4482-B631-E8ACA2D245B7}.AppStore|Any CPU.ActiveCfg = Release|x86
		{A90AD40C-D181-4482-B631-E8ACA2D245B7}.AppStore|Any CPU.Build.0 = Release|x86
		{A90AD40C-D181-4482-B631-E8ACA2D245B7}.AppStore|ARM.ActiveCfg = Debug|x86
		{A90AD40C-D181-4482-B631-E8ACA2D245B7}.AppStore|ARM.Build.0 = Debug|x86
		{A90AD40C-D181-4482-B631-E8ACA2D245B7}.AppStore|iPhone.ActiveCfg = Release|x86
		{A90AD40C-D181-4482-B631-E8ACA2D245B7}.AppStore|iPhone.Build.0 = Release|x86
		{A90AD40C-D181-4482-B631-E8ACA2D245B7}.AppStore|iPhoneSimulator.ActiveCfg = Release|x86
		{A90AD40C-D181-4482-B631-E8ACA2D245B7}.AppStore|iPhoneSimulator.Build.0 = Release|x86
		{A90AD40C-D181-4482-B631-E8ACA2D245B7}.AppStore|x64.ActiveCfg = Debug|x86
		{A90AD40C-D181-4482-B631-E8ACA2D245B7}.AppStore|x64.Build.0 = Debug|x86
		{A90AD40C-D181-4482-B631-E8ACA2D245B7}.AppStore|x86.ActiveCfg = Release|x86
		{A90AD40C-D181-4482-B631-E8ACA2D245B7}.AppStore|x86.Build.0 = Release|x86
		{A90AD40C-D181-4482-B631-E8ACA2D245B7}.Debug|Any CPU.ActiveCfg = Debug|x86
		{A90AD40C-D181-4482-B631-E8ACA2D245B7}.Debug|ARM.ActiveCfg = Debug|x86
		{A90AD40C-D181-4482-B631-E8ACA2D245B7}.Debug|iPhone.ActiveCfg = Debug|x86
		{A90AD40C-D181-4482-B631-E8ACA2D245B7}.Debug|iPhone.Build.0 = Debug|x86
		{A90AD40C-D181-4482-B631-E8ACA2D245B7}.Debug|iPhoneSimulator.ActiveCfg = Debug|x86
		{A90AD40C-D181-4482-B631-E8ACA2D245B7}.Debug|iPhoneSimulator.Build.0 = Debug|x86
		{A90AD40C-D181-4482-B631-E8ACA2D245B7}.Debug|x64.ActiveCfg = Debug|x86
		{A90AD40C-D181-4482-B631-E8ACA2D245B7}.Debug|x86.ActiveCfg = Debug|x86
		{A90AD40C-D181-4482-B631-E8ACA2D245B7}.Debug|x86.Build.0 = Debug|x86
		{A90AD40C-D181-4482-B631-E8ACA2D245B7}.Release|Any CPU.ActiveCfg = Release|x86
		{A90AD40C-D181-4482-B631-E8ACA2D245B7}.Release|ARM.ActiveCfg = Release|x86
		{A90AD40C-D181-4482-B631-E8ACA2D245B7}.Release|iPhone.ActiveCfg = Release|x86
		{A90AD40C-D181-4482-B631-E8ACA2D245B7}.Release|iPhone.Build.0 = Release|x86
		{A90AD40C-D181-4482-B631-E8ACA2D245B7}.Release|iPhoneSimulator.ActiveCfg = Release|x86
		{A90AD40C-D181-4482-B631-E8ACA2D245B7}.Release|iPhoneSimulator.Build.0 = Release|x86
		{A90AD40C-D181-4482-B631-E8ACA2D245B7}.Release|x64.ActiveCfg = Release|x86
		{A90AD40C-D181-4482-B631-E8ACA2D245B7}.Release|x86.ActiveCfg = Release|x86
		{A90AD40C-D181-4482-B631-E8ACA2D245B7}.Release|x86.Build.0 = Release|x86
		{6F2394C8-234D-43F1-81D6-C5E02F63FABB}.Ad-Hoc|Any CPU.ActiveCfg = Release|iPhone
		{6F2394C8-234D-43F1-81D6-C5E02F63FABB}.Ad-Hoc|Any CPU.Build.0 = Release|iPhone
		{6F2394C8-234D-43F1-81D6-C5E02F63FABB}.Ad-Hoc|ARM.ActiveCfg = Debug|iPhone
		{6F2394C8-234D-43F1-81D6-C5E02F63FABB}.Ad-Hoc|ARM.Build.0 = Debug|iPhone
		{6F2394C8-234D-43F1-81D6-C5E02F63FABB}.Ad-Hoc|iPhone.ActiveCfg = Release|iPhone
		{6F2394C8-234D-43F1-81D6-C5E02F63FABB}.Ad-Hoc|iPhone.Build.0 = Release|iPhone
		{6F2394C8-234D-43F1-81D6-C5E02F63FABB}.Ad-Hoc|iPhoneSimulator.ActiveCfg = Release|iPhoneSimulator
		{6F2394C8-234D-43F1-81D6-C5E02F63FABB}.Ad-Hoc|iPhoneSimulator.Build.0 = Release|iPhoneSimulator
		{6F2394C8-234D-43F1-81D6-C5E02F63FABB}.Ad-Hoc|x64.ActiveCfg = Debug|iPhone
		{6F2394C8-234D-43F1-81D6-C5E02F63FABB}.Ad-Hoc|x64.Build.0 = Debug|iPhone
		{6F2394C8-234D-43F1-81D6-C5E02F63FABB}.Ad-Hoc|x86.ActiveCfg = Release|iPhone
		{6F2394C8-234D-43F1-81D6-C5E02F63FABB}.Ad-Hoc|x86.Build.0 = Release|iPhone
		{6F2394C8-234D-43F1-81D6-C5E02F63FABB}.AppStore|Any CPU.ActiveCfg = Release|iPhone
		{6F2394C8-234D-43F1-81D6-C5E02F63FABB}.AppStore|Any CPU.Build.0 = Release|iPhone
		{6F2394C8-234D-43F1-81D6-C5E02F63FABB}.AppStore|ARM.ActiveCfg = Debug|iPhone
		{6F2394C8-234D-43F1-81D6-C5E02F63FABB}.AppStore|ARM.Build.0 = Debug|iPhone
		{6F2394C8-234D-43F1-81D6-C5E02F63FABB}.AppStore|iPhone.ActiveCfg = Release|iPhone
		{6F2394C8-234D-43F1-81D6-C5E02F63FABB}.AppStore|iPhone.Build.0 = Release|iPhone
		{6F2394C8-234D-43F1-81D6-C5E02F63FABB}.AppStore|iPhoneSimulator.ActiveCfg = Release|iPhoneSimulator
		{6F2394C8-234D-43F1-81D6-C5E02F63FABB}.AppStore|iPhoneSimulator.Build.0 = Release|iPhoneSimulator
		{6F2394C8-234D-43F1-81D6-C5E02F63FABB}.AppStore|x64.ActiveCfg = Debug|iPhone
		{6F2394C8-234D-43F1-81D6-C5E02F63FABB}.AppStore|x64.Build.0 = Debug|iPhone
		{6F2394C8-234D-43F1-81D6-C5E02F63FABB}.AppStore|x86.ActiveCfg = Release|iPhone
		{6F2394C8-234D-43F1-81D6-C5E02F63FABB}.AppStore|x86.Build.0 = Release|iPhone
		{6F2394C8-234D-43F1-81D6-C5E02F63FABB}.Debug|Any CPU.ActiveCfg = Debug|iPhoneSimulator
		{6F2394C8-234D-43F1-81D6-C5E02F63FABB}.Debug|ARM.ActiveCfg = Debug|iPhone
		{6F2394C8-234D-43F1-81D6-C5E02F63FABB}.Debug|iPhone.ActiveCfg = Debug|iPhone
		{6F2394C8-234D-43F1-81D6-C5E02F63FABB}.Debug|iPhone.Build.0 = Debug|iPhone
		{6F2394C8-234D-43F1-81D6-C5E02F63FABB}.Debug|iPhoneSimulator.ActiveCfg = Debug|iPhoneSimulator
		{6F2394C8-234D-43F1-81D6-C5E02F63FABB}.Debug|iPhoneSimulator.Build.0 = Debug|iPhoneSimulator
		{6F2394C8-234D-43F1-81D6-C5E02F63FABB}.Debug|x64.ActiveCfg = Debug|iPhone
		{6F2394C8-234D-43F1-81D6-C5E02F63FABB}.Debug|x86.ActiveCfg = Debug|iPhoneSimulator
		{6F2394C8-234D-43F1-81D6-C5E02F63FABB}.Debug|x86.Build.0 = Debug|iPhoneSimulator
		{6F2394C8-234D-43F1-81D6-C5E02F63FABB}.Release|Any CPU.ActiveCfg = Release|iPhoneSimulator
		{6F2394C8-234D-43F1-81D6-C5E02F63FABB}.Release|ARM.ActiveCfg = Release|iPhoneSimulator
		{6F2394C8-234D-43F1-81D6-C5E02F63FABB}.Release|iPhone.ActiveCfg = Release|iPhone
		{6F2394C8-234D-43F1-81D6-C5E02F63FABB}.Release|iPhone.Build.0 = Release|iPhone
		{6F2394C8-234D-43F1-81D6-C5E02F63FABB}.Release|iPhoneSimulator.ActiveCfg = Release|iPhoneSimulator
		{6F2394C8-234D-43F1-81D6-C5E02F63FABB}.Release|iPhoneSimulator.Build.0 = Release|iPhoneSimulator
		{6F2394C8-234D-43F1-81D6-C5E02F63FABB}.Release|x64.ActiveCfg = Release|iPhoneSimulator
		{6F2394C8-234D-43F1-81D6-C5E02F63FABB}.Release|x86.ActiveCfg = Release|iPhone
		{6F2394C8-234D-43F1-81D6-C5E02F63FABB}.Release|x86.Build.0 = Release|iPhone
		{B4AAD332-D35C-4C99-81B6-9569ABBCFB1D}.Ad-Hoc|Any CPU.ActiveCfg = Release|Any CPU
		{B4AAD332-D35C-4C99-81B6-9569ABBCFB1D}.Ad-Hoc|Any CPU.Build.0 = Release|Any CPU
		{B4AAD332-D35C-4C99-81B6-9569ABBCFB1D}.Ad-Hoc|Any CPU.Deploy.0 = Release|Any CPU
		{B4AAD332-D35C-4C99-81B6-9569ABBCFB1D}.Ad-Hoc|ARM.ActiveCfg = Debug|Any CPU
		{B4AAD332-D35C-4C99-81B6-9569ABBCFB1D}.Ad-Hoc|ARM.Build.0 = Debug|Any CPU
		{B4AAD332-D35C-4C99-81B6-9569ABBCFB1D}.Ad-Hoc|ARM.Deploy.0 = Debug|Any CPU
		{B4AAD332-D35C-4C99-81B6-9569ABBCFB1D}.Ad-Hoc|iPhone.ActiveCfg = Release|Any CPU
		{B4AAD332-D35C-4C99-81B6-9569ABBCFB1D}.Ad-Hoc|iPhone.Build.0 = Release|Any CPU
		{B4AAD332-D35C-4C99-81B6-9569ABBCFB1D}.Ad-Hoc|iPhone.Deploy.0 = Release|Any CPU
		{B4AAD332-D35C-4C99-81B6-9569ABBCFB1D}.Ad-Hoc|iPhoneSimulator.ActiveCfg = Release|Any CPU
		{B4AAD332-D35C-4C99-81B6-9569ABBCFB1D}.Ad-Hoc|iPhoneSimulator.Build.0 = Release|Any CPU
		{B4AAD332-D35C-4C99-81B6-9569ABBCFB1D}.Ad-Hoc|iPhoneSimulator.Deploy.0 = Release|Any CPU
		{B4AAD332-D35C-4C99-81B6-9569ABBCFB1D}.Ad-Hoc|x64.ActiveCfg = Debug|Any CPU
		{B4AAD332-D35C-4C99-81B6-9569ABBCFB1D}.Ad-Hoc|x64.Build.0 = Debug|Any CPU
		{B4AAD332-D35C-4C99-81B6-9569ABBCFB1D}.Ad-Hoc|x64.Deploy.0 = Debug|Any CPU
		{B4AAD332-D35C-4C99-81B6-9569ABBCFB1D}.Ad-Hoc|x86.ActiveCfg = Release|Any CPU
		{B4AAD332-D35C-4C99-81B6-9569ABBCFB1D}.Ad-Hoc|x86.Build.0 = Release|Any CPU
		{B4AAD332-D35C-4C99-81B6-9569ABBCFB1D}.Ad-Hoc|x86.Deploy.0 = Release|Any CPU
		{B4AAD332-D35C-4C99-81B6-9569ABBCFB1D}.AppStore|Any CPU.ActiveCfg = Release|Any CPU
		{B4AAD332-D35C-4C99-81B6-9569ABBCFB1D}.AppStore|Any CPU.Build.0 = Release|Any CPU
		{B4AAD332-D35C-4C99-81B6-9569ABBCFB1D}.AppStore|Any CPU.Deploy.0 = Release|Any CPU
		{B4AAD332-D35C-4C99-81B6-9569ABBCFB1D}.AppStore|ARM.ActiveCfg = Debug|Any CPU
		{B4AAD332-D35C-4C99-81B6-9569ABBCFB1D}.AppStore|ARM.Build.0 = Debug|Any CPU
		{B4AAD332-D35C-4C99-81B6-9569ABBCFB1D}.AppStore|ARM.Deploy.0 = Debug|Any CPU
		{B4AAD332-D35C-4C99-81B6-9569ABBCFB1D}.AppStore|iPhone.ActiveCfg = Release|Any CPU
		{B4AAD332-D35C-4C99-81B6-9569ABBCFB1D}.AppStore|iPhone.Build.0 = Release|Any CPU
		{B4AAD332-D35C-4C99-81B6-9569ABBCFB1D}.AppStore|iPhone.Deploy.0 = Release|Any CPU
		{B4AAD332-D35C-4C99-81B6-9569ABBCFB1D}.AppStore|iPhoneSimulator.ActiveCfg = Release|Any CPU
		{B4AAD332-D35C-4C99-81B6-9569ABBCFB1D}.AppStore|iPhoneSimulator.Build.0 = Release|Any CPU
		{B4AAD332-D35C-4C99-81B6-9569ABBCFB1D}.AppStore|iPhoneSimulator.Deploy.0 = Release|Any CPU
		{B4AAD332-D35C-4C99-81B6-9569ABBCFB1D}.AppStore|x64.ActiveCfg = Debug|Any CPU
		{B4AAD332-D35C-4C99-81B6-9569ABBCFB1D}.AppStore|x64.Build.0 = Debug|Any CPU
		{B4AAD332-D35C-4C99-81B6-9569ABBCFB1D}.AppStore|x64.Deploy.0 = Debug|Any CPU
		{B4AAD332-D35C-4C99-81B6-9569ABBCFB1D}.AppStore|x86.ActiveCfg = Release|Any CPU
		{B4AAD332-D35C-4C99-81B6-9569ABBCFB1D}.AppStore|x86.Build.0 = Release|Any CPU
		{B4AAD332-D35C-4C99-81B6-9569ABBCFB1D}.AppStore|x86.Deploy.0 = Release|Any CPU
		{B4AAD332-D35C-4C99-81B6-9569ABBCFB1D}.Debug|Any CPU.ActiveCfg = Debug|Any CPU
		{B4AAD332-D35C-4C99-81B6-9569ABBCFB1D}.Debug|Any CPU.Build.0 = Debug|Any CPU
		{B4AAD332-D35C-4C99-81B6-9569ABBCFB1D}.Debug|Any CPU.Deploy.0 = Debug|Any CPU
		{B4AAD332-D35C-4C99-81B6-9569ABBCFB1D}.Debug|ARM.ActiveCfg = Debug|Any CPU
		{B4AAD332-D35C-4C99-81B6-9569ABBCFB1D}.Debug|ARM.Build.0 = Debug|Any CPU
		{B4AAD332-D35C-4C99-81B6-9569ABBCFB1D}.Debug|ARM.Deploy.0 = Debug|Any CPU
		{B4AAD332-D35C-4C99-81B6-9569ABBCFB1D}.Debug|iPhone.ActiveCfg = Debug|Any CPU
		{B4AAD332-D35C-4C99-81B6-9569ABBCFB1D}.Debug|iPhone.Build.0 = Debug|Any CPU
		{B4AAD332-D35C-4C99-81B6-9569ABBCFB1D}.Debug|iPhone.Deploy.0 = Debug|Any CPU
		{B4AAD332-D35C-4C99-81B6-9569ABBCFB1D}.Debug|iPhoneSimulator.ActiveCfg = Debug|Any CPU
		{B4AAD332-D35C-4C99-81B6-9569ABBCFB1D}.Debug|iPhoneSimulator.Build.0 = Debug|Any CPU
		{B4AAD332-D35C-4C99-81B6-9569ABBCFB1D}.Debug|iPhoneSimulator.Deploy.0 = Debug|Any CPU
		{B4AAD332-D35C-4C99-81B6-9569ABBCFB1D}.Debug|x64.ActiveCfg = Debug|Any CPU
		{B4AAD332-D35C-4C99-81B6-9569ABBCFB1D}.Debug|x64.Build.0 = Debug|Any CPU
		{B4AAD332-D35C-4C99-81B6-9569ABBCFB1D}.Debug|x64.Deploy.0 = Debug|Any CPU
		{B4AAD332-D35C-4C99-81B6-9569ABBCFB1D}.Debug|x86.ActiveCfg = Debug|Any CPU
		{B4AAD332-D35C-4C99-81B6-9569ABBCFB1D}.Debug|x86.Build.0 = Debug|Any CPU
		{B4AAD332-D35C-4C99-81B6-9569ABBCFB1D}.Debug|x86.Deploy.0 = Debug|Any CPU
		{B4AAD332-D35C-4C99-81B6-9569ABBCFB1D}.Release|Any CPU.ActiveCfg = Release|Any CPU
		{B4AAD332-D35C-4C99-81B6-9569ABBCFB1D}.Release|Any CPU.Build.0 = Release|Any CPU
		{B4AAD332-D35C-4C99-81B6-9569ABBCFB1D}.Release|Any CPU.Deploy.0 = Release|Any CPU
		{B4AAD332-D35C-4C99-81B6-9569ABBCFB1D}.Release|ARM.ActiveCfg = Release|Any CPU
		{B4AAD332-D35C-4C99-81B6-9569ABBCFB1D}.Release|ARM.Build.0 = Release|Any CPU
		{B4AAD332-D35C-4C99-81B6-9569ABBCFB1D}.Release|ARM.Deploy.0 = Release|Any CPU
		{B4AAD332-D35C-4C99-81B6-9569ABBCFB1D}.Release|iPhone.ActiveCfg = Release|Any CPU
		{B4AAD332-D35C-4C99-81B6-9569ABBCFB1D}.Release|iPhone.Build.0 = Release|Any CPU
		{B4AAD332-D35C-4C99-81B6-9569ABBCFB1D}.Release|iPhone.Deploy.0 = Release|Any CPU
		{B4AAD332-D35C-4C99-81B6-9569ABBCFB1D}.Release|iPhoneSimulator.ActiveCfg = Release|Any CPU
		{B4AAD332-D35C-4C99-81B6-9569ABBCFB1D}.Release|iPhoneSimulator.Build.0 = Release|Any CPU
		{B4AAD332-D35C-4C99-81B6-9569ABBCFB1D}.Release|iPhoneSimulator.Deploy.0 = Release|Any CPU
		{B4AAD332-D35C-4C99-81B6-9569ABBCFB1D}.Release|x64.ActiveCfg = Release|Any CPU
		{B4AAD332-D35C-4C99-81B6-9569ABBCFB1D}.Release|x64.Build.0 = Release|Any CPU
		{B4AAD332-D35C-4C99-81B6-9569ABBCFB1D}.Release|x64.Deploy.0 = Release|Any CPU
		{B4AAD332-D35C-4C99-81B6-9569ABBCFB1D}.Release|x86.ActiveCfg = Release|Any CPU
		{B4AAD332-D35C-4C99-81B6-9569ABBCFB1D}.Release|x86.Build.0 = Release|Any CPU
		{B4AAD332-D35C-4C99-81B6-9569ABBCFB1D}.Release|x86.Deploy.0 = Release|Any CPU
		{DCD2638B-D0E8-4029-9747-2EF90CB8B187}.Ad-Hoc|Any CPU.ActiveCfg = Ad-Hoc|iPhone
		{DCD2638B-D0E8-4029-9747-2EF90CB8B187}.Ad-Hoc|ARM.ActiveCfg = Ad-Hoc|iPhoneSimulator
		{DCD2638B-D0E8-4029-9747-2EF90CB8B187}.Ad-Hoc|iPhone.ActiveCfg = Ad-Hoc|iPhone
		{DCD2638B-D0E8-4029-9747-2EF90CB8B187}.Ad-Hoc|iPhone.Build.0 = Ad-Hoc|iPhone
		{DCD2638B-D0E8-4029-9747-2EF90CB8B187}.Ad-Hoc|iPhoneSimulator.ActiveCfg = Ad-Hoc|iPhoneSimulator
		{DCD2638B-D0E8-4029-9747-2EF90CB8B187}.Ad-Hoc|iPhoneSimulator.Build.0 = Ad-Hoc|iPhoneSimulator
		{DCD2638B-D0E8-4029-9747-2EF90CB8B187}.Ad-Hoc|x64.ActiveCfg = Ad-Hoc|iPhoneSimulator
		{DCD2638B-D0E8-4029-9747-2EF90CB8B187}.Ad-Hoc|x86.ActiveCfg = Ad-Hoc|iPhone
		{DCD2638B-D0E8-4029-9747-2EF90CB8B187}.AppStore|Any CPU.ActiveCfg = AppStore|iPhone
		{DCD2638B-D0E8-4029-9747-2EF90CB8B187}.AppStore|ARM.ActiveCfg = AppStore|iPhoneSimulator
		{DCD2638B-D0E8-4029-9747-2EF90CB8B187}.AppStore|iPhone.ActiveCfg = AppStore|iPhone
		{DCD2638B-D0E8-4029-9747-2EF90CB8B187}.AppStore|iPhone.Build.0 = AppStore|iPhone
		{DCD2638B-D0E8-4029-9747-2EF90CB8B187}.AppStore|iPhoneSimulator.ActiveCfg = AppStore|iPhoneSimulator
		{DCD2638B-D0E8-4029-9747-2EF90CB8B187}.AppStore|iPhoneSimulator.Build.0 = AppStore|iPhoneSimulator
		{DCD2638B-D0E8-4029-9747-2EF90CB8B187}.AppStore|x64.ActiveCfg = AppStore|iPhoneSimulator
		{DCD2638B-D0E8-4029-9747-2EF90CB8B187}.AppStore|x86.ActiveCfg = AppStore|iPhone
		{DCD2638B-D0E8-4029-9747-2EF90CB8B187}.Debug|Any CPU.ActiveCfg = Debug|iPhone
		{DCD2638B-D0E8-4029-9747-2EF90CB8B187}.Debug|ARM.ActiveCfg = Debug|iPhoneSimulator
		{DCD2638B-D0E8-4029-9747-2EF90CB8B187}.Debug|iPhone.ActiveCfg = Debug|iPhone
		{DCD2638B-D0E8-4029-9747-2EF90CB8B187}.Debug|iPhone.Build.0 = Debug|iPhone
		{DCD2638B-D0E8-4029-9747-2EF90CB8B187}.Debug|iPhoneSimulator.ActiveCfg = Debug|iPhoneSimulator
		{DCD2638B-D0E8-4029-9747-2EF90CB8B187}.Debug|iPhoneSimulator.Build.0 = Debug|iPhoneSimulator
		{DCD2638B-D0E8-4029-9747-2EF90CB8B187}.Debug|x64.ActiveCfg = Debug|iPhoneSimulator
		{DCD2638B-D0E8-4029-9747-2EF90CB8B187}.Debug|x86.ActiveCfg = Debug|iPhone
		{DCD2638B-D0E8-4029-9747-2EF90CB8B187}.Release|Any CPU.ActiveCfg = Release|iPhone
		{DCD2638B-D0E8-4029-9747-2EF90CB8B187}.Release|ARM.ActiveCfg = Release|iPhoneSimulator
		{DCD2638B-D0E8-4029-9747-2EF90CB8B187}.Release|iPhone.ActiveCfg = Release|iPhone
		{DCD2638B-D0E8-4029-9747-2EF90CB8B187}.Release|iPhone.Build.0 = Release|iPhone
		{DCD2638B-D0E8-4029-9747-2EF90CB8B187}.Release|iPhoneSimulator.ActiveCfg = Release|iPhoneSimulator
		{DCD2638B-D0E8-4029-9747-2EF90CB8B187}.Release|iPhoneSimulator.Build.0 = Release|iPhoneSimulator
		{DCD2638B-D0E8-4029-9747-2EF90CB8B187}.Release|x64.ActiveCfg = Release|iPhoneSimulator
		{DCD2638B-D0E8-4029-9747-2EF90CB8B187}.Release|x86.ActiveCfg = Release|iPhone
		{F81DAF1A-69A5-4696-BBE5-990110A81501}.Ad-Hoc|Any CPU.ActiveCfg = Release|x86
		{F81DAF1A-69A5-4696-BBE5-990110A81501}.Ad-Hoc|Any CPU.Build.0 = Release|x86
		{F81DAF1A-69A5-4696-BBE5-990110A81501}.Ad-Hoc|Any CPU.Deploy.0 = Release|x86
		{F81DAF1A-69A5-4696-BBE5-990110A81501}.Ad-Hoc|ARM.ActiveCfg = Release|ARM
		{F81DAF1A-69A5-4696-BBE5-990110A81501}.Ad-Hoc|ARM.Build.0 = Release|ARM
		{F81DAF1A-69A5-4696-BBE5-990110A81501}.Ad-Hoc|ARM.Deploy.0 = Release|ARM
		{F81DAF1A-69A5-4696-BBE5-990110A81501}.Ad-Hoc|iPhone.ActiveCfg = Release|x86
		{F81DAF1A-69A5-4696-BBE5-990110A81501}.Ad-Hoc|iPhone.Build.0 = Release|x86
		{F81DAF1A-69A5-4696-BBE5-990110A81501}.Ad-Hoc|iPhone.Deploy.0 = Release|x86
		{F81DAF1A-69A5-4696-BBE5-990110A81501}.Ad-Hoc|iPhoneSimulator.ActiveCfg = Release|x86
		{F81DAF1A-69A5-4696-BBE5-990110A81501}.Ad-Hoc|iPhoneSimulator.Build.0 = Release|x86
		{F81DAF1A-69A5-4696-BBE5-990110A81501}.Ad-Hoc|iPhoneSimulator.Deploy.0 = Release|x86
		{F81DAF1A-69A5-4696-BBE5-990110A81501}.Ad-Hoc|x64.ActiveCfg = Release|x64
		{F81DAF1A-69A5-4696-BBE5-990110A81501}.Ad-Hoc|x64.Build.0 = Release|x64
		{F81DAF1A-69A5-4696-BBE5-990110A81501}.Ad-Hoc|x64.Deploy.0 = Release|x64
		{F81DAF1A-69A5-4696-BBE5-990110A81501}.Ad-Hoc|x86.ActiveCfg = Release|x86
		{F81DAF1A-69A5-4696-BBE5-990110A81501}.Ad-Hoc|x86.Build.0 = Release|x86
		{F81DAF1A-69A5-4696-BBE5-990110A81501}.Ad-Hoc|x86.Deploy.0 = Release|x86
		{F81DAF1A-69A5-4696-BBE5-990110A81501}.AppStore|Any CPU.ActiveCfg = Release|x86
		{F81DAF1A-69A5-4696-BBE5-990110A81501}.AppStore|Any CPU.Build.0 = Release|x86
		{F81DAF1A-69A5-4696-BBE5-990110A81501}.AppStore|Any CPU.Deploy.0 = Release|x86
		{F81DAF1A-69A5-4696-BBE5-990110A81501}.AppStore|ARM.ActiveCfg = Release|ARM
		{F81DAF1A-69A5-4696-BBE5-990110A81501}.AppStore|ARM.Build.0 = Release|ARM
		{F81DAF1A-69A5-4696-BBE5-990110A81501}.AppStore|ARM.Deploy.0 = Release|ARM
		{F81DAF1A-69A5-4696-BBE5-990110A81501}.AppStore|iPhone.ActiveCfg = Release|x86
		{F81DAF1A-69A5-4696-BBE5-990110A81501}.AppStore|iPhone.Build.0 = Release|x86
		{F81DAF1A-69A5-4696-BBE5-990110A81501}.AppStore|iPhone.Deploy.0 = Release|x86
		{F81DAF1A-69A5-4696-BBE5-990110A81501}.AppStore|iPhoneSimulator.ActiveCfg = Release|x86
		{F81DAF1A-69A5-4696-BBE5-990110A81501}.AppStore|iPhoneSimulator.Build.0 = Release|x86
		{F81DAF1A-69A5-4696-BBE5-990110A81501}.AppStore|iPhoneSimulator.Deploy.0 = Release|x86
		{F81DAF1A-69A5-4696-BBE5-990110A81501}.AppStore|x64.ActiveCfg = Release|x64
		{F81DAF1A-69A5-4696-BBE5-990110A81501}.AppStore|x64.Build.0 = Release|x64
		{F81DAF1A-69A5-4696-BBE5-990110A81501}.AppStore|x64.Deploy.0 = Release|x64
		{F81DAF1A-69A5-4696-BBE5-990110A81501}.AppStore|x86.ActiveCfg = Release|x86
		{F81DAF1A-69A5-4696-BBE5-990110A81501}.AppStore|x86.Build.0 = Release|x86
		{F81DAF1A-69A5-4696-BBE5-990110A81501}.AppStore|x86.Deploy.0 = Release|x86
		{F81DAF1A-69A5-4696-BBE5-990110A81501}.Debug|Any CPU.ActiveCfg = Debug|x86
		{F81DAF1A-69A5-4696-BBE5-990110A81501}.Debug|ARM.ActiveCfg = Debug|ARM
		{F81DAF1A-69A5-4696-BBE5-990110A81501}.Debug|ARM.Build.0 = Debug|ARM
		{F81DAF1A-69A5-4696-BBE5-990110A81501}.Debug|ARM.Deploy.0 = Debug|ARM
		{F81DAF1A-69A5-4696-BBE5-990110A81501}.Debug|iPhone.ActiveCfg = Debug|x86
		{F81DAF1A-69A5-4696-BBE5-990110A81501}.Debug|iPhoneSimulator.ActiveCfg = Debug|x86
		{F81DAF1A-69A5-4696-BBE5-990110A81501}.Debug|iPhoneSimulator.Build.0 = Debug|x86
		{F81DAF1A-69A5-4696-BBE5-990110A81501}.Debug|iPhoneSimulator.Deploy.0 = Debug|x86
		{F81DAF1A-69A5-4696-BBE5-990110A81501}.Debug|x64.ActiveCfg = Debug|x64
		{F81DAF1A-69A5-4696-BBE5-990110A81501}.Debug|x64.Build.0 = Debug|x64
		{F81DAF1A-69A5-4696-BBE5-990110A81501}.Debug|x64.Deploy.0 = Debug|x64
		{F81DAF1A-69A5-4696-BBE5-990110A81501}.Debug|x86.ActiveCfg = Debug|x86
		{F81DAF1A-69A5-4696-BBE5-990110A81501}.Debug|x86.Build.0 = Debug|x86
		{F81DAF1A-69A5-4696-BBE5-990110A81501}.Debug|x86.Deploy.0 = Debug|x86
		{F81DAF1A-69A5-4696-BBE5-990110A81501}.Release|Any CPU.ActiveCfg = Release|x86
		{F81DAF1A-69A5-4696-BBE5-990110A81501}.Release|ARM.ActiveCfg = Release|ARM
		{F81DAF1A-69A5-4696-BBE5-990110A81501}.Release|ARM.Build.0 = Release|ARM
		{F81DAF1A-69A5-4696-BBE5-990110A81501}.Release|ARM.Deploy.0 = Release|ARM
		{F81DAF1A-69A5-4696-BBE5-990110A81501}.Release|iPhone.ActiveCfg = Release|x86
		{F81DAF1A-69A5-4696-BBE5-990110A81501}.Release|iPhoneSimulator.ActiveCfg = Release|x86
		{F81DAF1A-69A5-4696-BBE5-990110A81501}.Release|x64.ActiveCfg = Release|x64
		{F81DAF1A-69A5-4696-BBE5-990110A81501}.Release|x64.Build.0 = Release|x64
		{F81DAF1A-69A5-4696-BBE5-990110A81501}.Release|x64.Deploy.0 = Release|x64
		{F81DAF1A-69A5-4696-BBE5-990110A81501}.Release|x86.ActiveCfg = Release|x86
		{F81DAF1A-69A5-4696-BBE5-990110A81501}.Release|x86.Build.0 = Release|x86
		{F81DAF1A-69A5-4696-BBE5-990110A81501}.Release|x86.Deploy.0 = Release|x86
	EndGlobalSection
	GlobalSection(SolutionProperties) = preSolution
		HideSolutionNode = FALSE
	EndGlobalSection
EndGlobal
